
Microsoft Visual Studio Solution File, Format Version 12.00
# Visual Studio Version 16
VisualStudioVersion = 16.0.36324.18
MinimumVisualStudioVersion = 10.0.40219.1
Project("{8BC9CEB8-8B4A-11D0-8D11-00A0C91BC942}") = "sws_scale_test", "sws_scale_test.vcxproj", "{C3BBBCE4-772C-445D-8861-BE983667D361}"
EndProject
Global
	GlobalSection(SolutionConfigurationPlatforms) = preSolution
		Debug|x64 = Debug|x64
		Debug|x86 = Debug|x86
		Release|x64 = Release|x64
		Release|x86 = Release|x86
	EndGlobalSection
	GlobalSection(ProjectConfigurationPlatforms) = postSolution
		{C3BBBCE4-772C-445D-8861-BE983667D361}.Debug|x64.ActiveCfg = Debug|x64
		{C3BBBCE4-772C-445D-8861-BE983667D361}.Debug|x64.Build.0 = Debug|x64
		{C3BBBCE4-772C-445D-8861-BE983667D361}.Debug|x86.ActiveCfg = Debug|Win32
		{C3BBBCE4-772C-445D-8861-BE983667D361}.Debug|x86.Build.0 = Debug|Win32
		{C3BBBCE4-772C-445D-8861-BE983667D361}.Release|x64.ActiveCfg = Release|x64
		{C3BBBCE4-772C-445D-8861-BE983667D361}.Release|x64.Build.0 = Release|x64
		{C3BBBCE4-772C-445D-8861-BE983667D361}.Release|x86.ActiveCfg = Release|Win32
		{C3BBBCE4-772C-445D-8861-BE983667D361}.Release|x86.Build.0 = Release|Win32
	EndGlobalSection
	GlobalSection(SolutionProperties) = preSolution
		HideSolutionNode = FALSE
	EndGlobalSection
	GlobalSection(ExtensibilityGlobals) = postSolution
		SolutionGuid = {68D4790F-E0F6-4B8D-9B09-5D013E8FCE18}
	EndGlobalSection
EndGlobal
